
Microsoft Visual Studio Solution File, Format Version 12.00
# Visual Studio Version 16
VisualStudioVersion = 16.0.31205.134
MinimumVisualStudioVersion = 10.0.40219.1
Project("{9A19103F-16F7-4668-BE54-9A1E7A4F7556}") = "GraphicsPackage", "GraphicsPackage\GraphicsPackage.csproj", "{9D95EA1C-DCB2-4D75-B1C9-34F7C3CBF5EF}"
EndProject
Global
	GlobalSection(SolutionConfigurationPlatforms) = preSolution
		Debug|Any CPU = Debug|Any CPU
		Release|Any CPU = Release|Any CPU
	EndGlobalSection
	GlobalSection(ProjectConfigurationPlatforms) = postSolution
		{9D95EA1C-DCB2-4D75-B1C9-34F7C3CBF5EF}.Debug|Any CPU.ActiveCfg = Debug|Any CPU
		{9D95EA1C-DCB2-4D75-B1C9-34F7C3CBF5EF}.Debug|Any CPU.Build.0 = Debug|Any CPU
		{9D95EA1C-DCB2-4D75-B1C9-34F7C3CBF5EF}.Release|Any CPU.ActiveCfg = Release|Any CPU
		{9D95EA1C-DCB2-4D75-B1C9-34F7C3CBF5EF}.Release|Any CPU.Build.0 = Release|Any CPU
	EndGlobalSection
	GlobalSection(SolutionProperties) = preSolution
		HideSolutionNode = FALSE
	EndGlobalSection
	GlobalSection(ExtensibilityGlobals) = postSolution
		SolutionGuid = {2DF084BB-7402-469C-9452-2E79C2D13ECC}
	EndGlobalSection
EndGlobal
